
Microsoft Visual Studio Solution File, Format Version 12.00
# Visual Studio Version 17
VisualStudioVersion = 17.11.35222.181
MinimumVisualStudioVersion = 10.0.40219.1
Project("{8BC9CEB8-8B4A-11D0-8D11-00A0C91BC942}") = "Inventory_Management_System_A1", "Inventory_Management_System_A1\Inventory_Management_System_A1.vcxproj", "{B3F39354-F50E-411B-95B2-C4BE99BD5422}"
EndProject
Global
	GlobalSection(SolutionConfigurationPlatforms) = preSolution
		Debug|x64 = Debug|x64
		Debug|x86 = Debug|x86
		Release|x64 = Release|x64
		Release|x86 = Release|x86
	EndGlobalSection
	GlobalSection(ProjectConfigurationPlatforms) = postSolution
		{B3F39354-F50E-411B-95B2-C4BE99BD5422}.Debug|x64.ActiveCfg = Debug|x64
		{B3F39354-F50E-411B-95B2-C4BE99BD5422}.Debug|x64.Build.0 = Debug|x64
		{B3F39354-F50E-411B-95B2-C4BE99BD5422}.Debug|x86.ActiveCfg = Debug|Win32
		{B3F39354-F50E-411B-95B2-C4BE99BD5422}.Debug|x86.Build.0 = Debug|Win32
		{B3F39354-F50E-411B-95B2-C4BE99BD5422}.Release|x64.ActiveCfg = Release|x64
		{B3F39354-F50E-411B-95B2-C4BE99BD5422}.Release|x64.Build.0 = Release|x64
		{B3F39354-F50E-411B-95B2-C4BE99BD5422}.Release|x86.ActiveCfg = Release|Win32
		{B3F39354-F50E-411B-95B2-C4BE99BD5422}.Release|x86.Build.0 = Release|Win32
	EndGlobalSection
	GlobalSection(SolutionProperties) = preSolution
		HideSolutionNode = FALSE
	EndGlobalSection
	GlobalSection(ExtensibilityGlobals) = postSolution
		SolutionGuid = {B72A9F80-BC16-4733-98D0-9DADE21CD482}
	EndGlobalSection
EndGlobal
